
Microsoft Visual Studio Solution File, Format Version 12.00
# Visual Studio Version 17
VisualStudioVersion = 17.1.32228.430
MinimumVisualStudioVersion = 10.0.40219.1
Project("{FAE04EC0-301F-11D3-BF4B-00C04F79EFBC}") = "SqrtOfNegativeNumber", "SqrtOfNegativeNumber\SqrtOfNegativeNumber.csproj", "{7BEF849D-32CD-4F5B-B8EB-1044BC4DA1A3}"
EndProject
Global
	GlobalSection(SolutionConfigurationPlatforms) = preSolution
		Debug|Any CPU = Debug|Any CPU
		Release|Any CPU = Release|Any CPU
	EndGlobalSection
	GlobalSection(ProjectConfigurationPlatforms) = postSolution
		{7BEF849D-32CD-4F5B-B8EB-1044BC4DA1A3}.Debug|Any CPU.ActiveCfg = Debug|Any CPU
		{7BEF849D-32CD-4F5B-B8EB-1044BC4DA1A3}.Debug|Any CPU.Build.0 = Debug|Any CPU
		{7BEF849D-32CD-4F5B-B8EB-1044BC4DA1A3}.Release|Any CPU.ActiveCfg = Release|Any CPU
		{7BEF849D-32CD-4F5B-B8EB-1044BC4DA1A3}.Release|Any CPU.Build.0 = Release|Any CPU
	EndGlobalSection
	GlobalSection(SolutionProperties) = preSolution
		HideSolutionNode = FALSE
	EndGlobalSection
	GlobalSection(ExtensibilityGlobals) = postSolution
		SolutionGuid = {6F3CA032-39A0-481E-ABDB-05341CA90967}
	EndGlobalSection
EndGlobal
